
Microsoft Visual Studio Solution File, Format Version 12.00
# Visual Studio Version 17
VisualStudioVersion = 17.7.34031.279
MinimumVisualStudioVersion = 10.0.40219.1
Project("{FAE04EC0-301F-11D3-BF4B-00C04F79EFBC}") = "FilesWithAPI", "FilesWithAPI\FilesWithAPI.csproj", "{4B72AD40-5A79-472E-B52C-A1095446150D}"
EndProject
Global
	GlobalSection(SolutionConfigurationPlatforms) = preSolution
		Debug|Any CPU = Debug|Any CPU
		Release|Any CPU = Release|Any CPU
	EndGlobalSection
	GlobalSection(ProjectConfigurationPlatforms) = postSolution
		{4B72AD40-5A79-472E-B52C-A1095446150D}.Debug|Any CPU.ActiveCfg = Debug|Any CPU
		{4B72AD40-5A79-472E-B52C-A1095446150D}.Debug|Any CPU.Build.0 = Debug|Any CPU
		{4B72AD40-5A79-472E-B52C-A1095446150D}.Release|Any CPU.ActiveCfg = Release|Any CPU
		{4B72AD40-5A79-472E-B52C-A1095446150D}.Release|Any CPU.Build.0 = Release|Any CPU
	EndGlobalSection
	GlobalSection(SolutionProperties) = preSolution
		HideSolutionNode = FALSE
	EndGlobalSection
	GlobalSection(ExtensibilityGlobals) = postSolution
		SolutionGuid = {E6A5F32F-2CD3-416E-81DF-F119D88ABC63}
	EndGlobalSection
EndGlobal
